
Microsoft Visual Studio Solution File, Format Version 12.00
# Visual Studio Version 17
VisualStudioVersion = 17.0.32112.339
MinimumVisualStudioVersion = 10.0.40219.1
Project("{FAE04EC0-301F-11D3-BF4B-00C04F79EFBC}") = "QueueSender", "QueueSender\QueueSender.csproj", "{65EF3B0C-156E-4D23-92E9-75995B148B4D}"
EndProject
Project("{FAE04EC0-301F-11D3-BF4B-00C04F79EFBC}") = "QueueReceiver", "QueueReceiver\QueueReceiver.csproj", "{BF28EA08-F4D1-4187-874B-9250DE40548B}"
EndProject
Global
	GlobalSection(SolutionConfigurationPlatforms) = preSolution
		Debug|Any CPU = Debug|Any CPU
		Release|Any CPU = Release|Any CPU
	EndGlobalSection
	GlobalSection(ProjectConfigurationPlatforms) = postSolution
		{65EF3B0C-156E-4D23-92E9-75995B148B4D}.Debug|Any CPU.ActiveCfg = Debug|Any CPU
		{65EF3B0C-156E-4D23-92E9-75995B148B4D}.Debug|Any CPU.Build.0 = Debug|Any CPU
		{65EF3B0C-156E-4D23-92E9-75995B148B4D}.Release|Any CPU.ActiveCfg = Release|Any CPU
		{65EF3B0C-156E-4D23-92E9-75995B148B4D}.Release|Any CPU.Build.0 = Release|Any CPU
		{BF28EA08-F4D1-4187-874B-9250DE40548B}.Debug|Any CPU.ActiveCfg = Debug|Any CPU
		{BF28EA08-F4D1-4187-874B-9250DE40548B}.Debug|Any CPU.Build.0 = Debug|Any CPU
		{BF28EA08-F4D1-4187-874B-9250DE40548B}.Release|Any CPU.ActiveCfg = Release|Any CPU
		{BF28EA08-F4D1-4187-874B-9250DE40548B}.Release|Any CPU.Build.0 = Release|Any CPU
	EndGlobalSection
	GlobalSection(SolutionProperties) = preSolution
		HideSolutionNode = FALSE
	EndGlobalSection
	GlobalSection(ExtensibilityGlobals) = postSolution
		SolutionGuid = {035CC1A9-7AF0-4098-82E2-1713BBA0E570}
	EndGlobalSection
EndGlobal
